<?xml version="1.0" encoding="UTF-8" standalone="yes" ?>
<CodeBlocks_project_file>
	<FileVersion major="1" minor="6" />
	<Project>
		<Option title="XPMEditor wx2.8.x" />
		<Option pch_mode="2" />
		<Option compiler="gcc" />
		<Build>
			<Target title="default">
				<Option output="../../../devel/share/CodeBlocks/plugins/XPMEditor" prefix_auto="1" extension_auto="1" />
				<Option working_dir="../../../devel" />
				<Option object_output="../../../.objs/plugins/contrib/XPMEditor" />
				<Option type="3" />
				<Option compiler="gcc" />
				<Option parameters="--debug-log --multiple-instance -na -ns -nd -p debug" />
				<Option host_application="./codeblocks.exe" />
				<Option run_host_application_in_terminal="0" />
				<Compiler>
					<Add option="-Wall" />
					<Add option="$(#CB_RELEASE_TYPE)" />
					<Add option="-pipe" />
					<Add option="-fmessage-length=0" />
					<Add option="-fexceptions" />
					<Add option="-mthreads" />
					<Add option="-Winvalid-pch" />
					<Add option="-DcbDEBUG" />
					<Add option="-DHAVE_W32API_H" />
					<Add option="-D__WXMSW__" />
					<Add option="-DWXUSINGDLL" />
					<Add option="-DBUILDING_PLUGIN" />
					<Add option="-DCB_PRECOMP" />
					<Add option="-DWX_PRECOMP" />
					<Add option="-DwxUSE_UNICODE" />
					<Add directory="." />
					<Add directory="foldpanelex/include" />
					<Add directory="wxthings/include" />
					<Add directory="xpmhandler/include" />
					<Add directory="$(#WX.include)" />
					<Add directory="$(#WX.lib)/gcc_dll$(WX_CFG)/msw$(WX_SUFFIX)" />
					<Add directory="$(#cb)/include" />
					<Add directory="$(#cb)/sdk/wxscintilla/include" />
				</Compiler>
				<ResourceCompiler>
					<Add directory="$(#WX.include)" />
				</ResourceCompiler>
				<Linker>
					<Add option="-Wl,--enable-auto-import" />
					<Add option="-mthreads" />
					<Add library="codeblocks" />
					<Add library="wxmsw$(WX_VERSION)$(WX_SUFFIX)" />
					<Add library="gdi32" />
					<Add directory="$(#cb)/devel" />
					<Add directory="$(#WX.lib)/gcc_dll$(WX_CFG)" />
				</Linker>
				<ExtraCommands>
					<Add after="zip -j9 ..\..\..\devel\share\CodeBlocks\XPMEditor.zip manifest.xml" />
					<Mode after="always" />
				</ExtraCommands>
				<Environment>
					<Variable name="WX_CFG" value="" />
					<Variable name="WX_SUFFIX" value="u" />
					<Variable name="WX_VERSION" value="28" />
				</Environment>
			</Target>
			<Target title="local_plugin">
				<Option output="bin/XPMEditor" prefix_auto="1" extension_auto="1" />
				<Option working_dir="bin" />
				<Option object_output="objs" />
				<Option type="3" />
				<Option compiler="gcc" />
				<Option parameters="--debug-log --multiple-instance -na -ns -nd -p debug" />
				<Option host_application="./codeblocks.exe" />
				<Option run_host_application_in_terminal="0" />
				<Compiler>
					<Add option="-Wall" />
					<Add option="$(#CB_RELEASE_TYPE)" />
					<Add option="-pipe" />
					<Add option="-fmessage-length=0" />
					<Add option="-fexceptions" />
					<Add option="-mthreads" />
					<Add option="-Winvalid-pch" />
					<Add option="-DcbDEBUG" />
					<Add option="-DHAVE_W32API_H" />
					<Add option="-D__WXMSW__" />
					<Add option="-DWXUSINGDLL" />
					<Add option="-DBUILDING_PLUGIN" />
					<Add option="-DCB_PRECOMP" />
					<Add option="-DWX_PRECOMP" />
					<Add option="-DwxUSE_UNICODE" />
					<Add directory="." />
					<Add directory="foldpanelex/include" />
					<Add directory="wxthings/include" />
					<Add directory="xpmhandler/include" />
					<Add directory="$(#WX.include)" />
					<Add directory="$(#WX.lib)/gcc_dll$(WX_CFG)/msw$(WX_SUFFIX)" />
					<Add directory="$(#cb)/include" />
					<Add directory="$(#cb)/sdk/wxscintilla/include" />
				</Compiler>
				<ResourceCompiler>
					<Add directory="$(#WX.include)" />
				</ResourceCompiler>
				<Linker>
					<Add option="-Wl,--enable-auto-import" />
					<Add option="-mthreads" />
					<Add library="codeblocks" />
					<Add library="wxmsw$(WX_VERSION)$(WX_SUFFIX)" />
					<Add library="gdi32" />
					<Add directory="$(#cb)/devel" />
					<Add directory="$(#WX.lib)/gcc_dll$(WX_CFG)" />
				</Linker>
				<ExtraCommands>
					<Add after="zip -j9 bin\XPMEditor.zip manifest.xml" />
					<Add after="strip -s bin\XPMEditor.dll" />
					<Add after="zip -j9 bin\XPMEditor.cbplugin bin\XPMEditor.zip bin\XPMEditor.dll" />
					<Mode after="always" />
				</ExtraCommands>
				<Environment>
					<Variable name="WX_CFG" value="" />
					<Variable name="WX_SUFFIX" value="u" />
					<Variable name="WX_VERSION" value="28" />
				</Environment>
			</Target>
		</Build>
		<VirtualTargets>
			<Add alias="All" targets="default;" />
		</VirtualTargets>
		<Unit filename="AdvancedOptions.cpp" />
		<Unit filename="AdvancedOptions.h" />
		<Unit filename="QuickHelpDialog.cpp" />
		<Unit filename="QuickHelpDialog.h" />
		<Unit filename="QuickHelpPanel.cpp" />
		<Unit filename="QuickHelpPanel.h" />
		<Unit filename="XPMColorPicker.cpp" />
		<Unit filename="XPMColorPicker.h" />
		<Unit filename="XPMColourPickerPanel.cpp" />
		<Unit filename="XPMColourPickerPanel.h" />
		<Unit filename="XPMCustomZoom.cpp" />
		<Unit filename="XPMCustomZoom.h" />
		<Unit filename="XPMDrawCanvasPanel.cpp" />
		<Unit filename="XPMDrawCanvasPanel.h" />
		<Unit filename="XPMEditor.cpp" />
		<Unit filename="XPMEditor.h" />
		<Unit filename="XPMEditorBase.cpp" />
		<Unit filename="XPMEditorBase.h" />
		<Unit filename="XPMEditorLogger.cpp" />
		<Unit filename="XPMEditorLogger.h" />
		<Unit filename="XPMEditorPanel.cpp" />
		<Unit filename="XPMEditorPanel.h" />
		<Unit filename="XPMFoldPanel.cpp" />
		<Unit filename="XPMFoldPanel.h" />
		<Unit filename="XPMHelpPanel.cpp" />
		<Unit filename="XPMHelpPanel.h" />
		<Unit filename="XPMImageManipulationPanel.cpp" />
		<Unit filename="XPMImageManipulationPanel.h" />
		<Unit filename="XPMImagePropertiesPanel.cpp" />
		<Unit filename="XPMImagePropertiesPanel.h" />
		<Unit filename="XPMInterfacePanel.cpp" />
		<Unit filename="XPMInterfacePanel.h" />
		<Unit filename="XPMToolPanel.cpp" />
		<Unit filename="XPMToolPanel.h" />
		<Unit filename="XPMUndo.cpp" />
		<Unit filename="XPMUndo.h" />
		<Unit filename="foldpanelex/include/wx/foldpanelex/captionbar.h" />
		<Unit filename="foldpanelex/include/wx/foldpanelex/captionbarex.h" />
		<Unit filename="foldpanelex/include/wx/foldpanelex/folditemex.h" />
		<Unit filename="foldpanelex/include/wx/foldpanelex/foldpanelex.h" />
		<Unit filename="foldpanelex/src/captionbar.cpp" />
		<Unit filename="foldpanelex/src/captionbarex.cpp" />
		<Unit filename="foldpanelex/src/folditemex.cpp" />
		<Unit filename="foldpanelex/src/foldpanelex.cpp" />
		<Unit filename="foldpanelex/src/icon_collapsed.xpm" />
		<Unit filename="foldpanelex/src/icon_expanded.xpm" />
		<Unit filename="foldpanelex/src/icon_theresmore.xpm" />
		<Unit filename="manifest.xml" />
		<Unit filename="shape01.png" />
		<Unit filename="test.xpm">
			<Option target="&lt;{~None~}&gt;" />
		</Unit>
		<Unit filename="todo.txt" />
		<Unit filename="wxBlur.cpp" />
		<Unit filename="wxBlur.h" />
		<Unit filename="wxConversion.cpp" />
		<Unit filename="wxConversion.h" />
		<Unit filename="wxDragImageExt.cpp" />
		<Unit filename="wxDragImageExt.h" />
		<Unit filename="wxImageDataObject.cpp" />
		<Unit filename="wxImageDataObject.h" />
		<Unit filename="wxInvertDialog.cpp" />
		<Unit filename="wxInvertDialog.h" />
		<Unit filename="wxMirror.cpp" />
		<Unit filename="wxMirror.h" />
		<Unit filename="wxResizeCtrl.cpp" />
		<Unit filename="wxResizeCtrl.h" />
		<Unit filename="wxRotate.cpp" />
		<Unit filename="wxRotate.h" />
		<Unit filename="wxRotateHue.cpp" />
		<Unit filename="wxRotateHue.h" />
		<Unit filename="wxStretchImage.cpp" />
		<Unit filename="wxStretchImage.h" />
		<Unit filename="wxthings/include/wx/things/thingdef.h" />
		<Unit filename="wxthings/include/wx/things/toggle.h" />
		<Unit filename="wxthings/src/toggle.cpp" />
		<Unit filename="xpm/brush.xpm" />
		<Unit filename="xpm/circle.xpm" />
		<Unit filename="xpm/cross_cursor.xpm" />
		<Unit filename="xpm/curve.xpm" />
		<Unit filename="xpm/ellipse.xpm" />
		<Unit filename="xpm/eraser.xpm" />
		<Unit filename="xpm/fill.xpm" />
		<Unit filename="xpm/fill_cursor.xpm" />
		<Unit filename="xpm/filled.xpm" />
		<Unit filename="xpm/filledonly.xpm" />
		<Unit filename="xpm/gradient.xpm" />
		<Unit filename="xpm/hotspot.xpm" />
		<Unit filename="xpm/lasso.xpm" />
		<Unit filename="xpm/left.xpm" />
		<Unit filename="xpm/left_hair.xpm" />
		<Unit filename="xpm/line.xpm" />
		<Unit filename="xpm/outline.xpm" />
		<Unit filename="xpm/pen.xpm" />
		<Unit filename="xpm/pen_cursor.xpm" />
		<Unit filename="xpm/pipette.xpm" />
		<Unit filename="xpm/pipette_cursor.xpm" />
		<Unit filename="xpm/polygon.xpm" />
		<Unit filename="xpm/rectangle.xpm" />
		<Unit filename="xpm/right.xpm" />
		<Unit filename="xpm/right_hair.xpm" />
		<Unit filename="xpm/roundedrect.xpm" />
		<Unit filename="xpm/selection.xpm" />
		<Unit filename="xpm/spraycan.xpm" />
		<Unit filename="xpm/spraycan2.xpm" />
		<Unit filename="xpm/square.xpm" />
		<Unit filename="xpm/test_mask.xpm" />
		<Unit filename="xpm/text.xpm" />
		<Unit filename="xpm/transparent.xpm" />
		<Unit filename="xpmhandler/include/imagxpm2.h" />
		<Unit filename="xpmhandler/include/xpmdecod2.h" />
		<Unit filename="xpmhandler/src/imagxpm2.cpp" />
		<Unit filename="xpmhandler/src/xpmdecod2.cpp" />
		<Extensions>
			<code_completion />
			<debugger />
			<envvars />
			<wxsmith version="1">
				<gui name="wxWidgets" src="" main="" init_handlers="necessary" language="CPP" />
				<resources>
					<wxPanel wxs="wxsmith/XPMEditorPanel.wxs" src="XPMEditorPanel.cpp" hdr="XPMEditorPanel.h" fwddecl="1" i18n="1" name="XPMEditorPanel" language="CPP" />
					<wxDialog wxs="wxsmith/XPMCustomZoom.wxs" src="XPMCustomZoom.cpp" hdr="XPMCustomZoom.h" fwddecl="1" i18n="1" name="XPMCustomZoom" language="CPP" />
					<wxDialog wxs="wxsmith/wxStretchImage.wxs" src="wxStretchImage.cpp" hdr="wxStretchImage.h" fwddecl="0" i18n="1" name="wxStretchImage" language="CPP" />
					<wxDialog wxs="wxsmith/wxMirror.wxs" src="wxMirror.cpp" hdr="wxMirror.h" fwddecl="0" i18n="1" name="wxMirror" language="CPP" />
					<wxDialog wxs="wxsmith/wxBlur.wxs" src="wxBlur.cpp" hdr="wxBlur.h" fwddecl="0" i18n="1" name="wxBlur" language="CPP" />
					<wxDialog wxs="wxsmith/wxRotate.wxs" src="wxRotate.cpp" hdr="wxRotate.h" fwddecl="0" i18n="1" name="wxRotate" language="CPP" />
					<wxDialog wxs="wxsmith/wxRotateHue.wxs" src="wxRotateHue.cpp" hdr="wxRotateHue.h" fwddecl="0" i18n="1" name="wxRotateHue" language="CPP" />
					<wxDialog wxs="wxsmith/wxConversion.wxs" src="wxConversion.cpp" hdr="wxConversion.h" fwddecl="0" i18n="1" name="wxConversion" language="CPP" />
					<wxPanel wxs="wxsmith/QuickHelpPanel.wxs" src="QuickHelpPanel.cpp" hdr="QuickHelpPanel.h" fwddecl="0" i18n="1" name="QuickHelpPanel" language="CPP" />
					<wxPanel wxs="wxsmith/XPMColourPickerPanel.wxs" src="XPMColourPickerPanel.cpp" hdr="XPMColourPickerPanel.h" fwddecl="0" i18n="1" name="XPMColourPickerPanel" language="CPP" />
					<wxPanel wxs="wxsmith/XPMInterfacePanel.wxs" src="XPMInterfacePanel.cpp" hdr="XPMInterfacePanel.h" fwddecl="0" i18n="1" name="XPMInterfacePanel" language="CPP" />
					<wxPanel wxs="wxsmith/XPMImagePropertiesPanel.wxs" src="XPMImagePropertiesPanel.cpp" hdr="XPMImagePropertiesPanel.h" fwddecl="0" i18n="1" name="XPMImagePropertiesPanel" language="CPP" />
					<wxPanel wxs="wxsmith/XPMImageManipulationPanel.wxs" src="XPMImageManipulationPanel.cpp" hdr="XPMImageManipulationPanel.h" fwddecl="0" i18n="1" name="XPMImageManipulationPanel" language="CPP" />
					<wxDialog wxs="wxsmith/wxInvertDialog.wxs" src="wxInvertDialog.cpp" hdr="wxInvertDialog.h" fwddecl="0" i18n="1" name="wxInvertDialog" language="CPP" />
					<wxPanel wxs="wxsmith/XPMToolPanel.wxs" src="XPMToolPanel.cpp" hdr="XPMToolPanel.h" fwddecl="0" i18n="1" name="XPMToolPanel" language="CPP" />
					<wxPanel wxs="wxsmith/XPMFoldPanel.wxs" src="XPMFoldPanel.cpp" hdr="XPMFoldPanel.h" fwddecl="0" i18n="1" name="XPMFoldPanel" language="CPP" />
					<wxPanel wxs="wxsmith/XPMHelpPanel.wxs" src="XPMHelpPanel.cpp" hdr="XPMHelpPanel.h" fwddecl="0" i18n="1" name="XPMHelpPanel" language="CPP" />
					<wxPanel wxs="wxsmith/XPMDrawCanvasPanel.wxs" src="XPMDrawCanvasPanel.cpp" hdr="XPMDrawCanvasPanel.h" fwddecl="1" i18n="1" name="XPMDrawCanvasPanel" language="CPP" />
					<wxDialog wxs="wxsmith/AdvancedOptions.wxs" src="AdvancedOptions.cpp" hdr="AdvancedOptions.h" fwddecl="1" i18n="1" name="AdvancedOptions" language="CPP" />
					<wxScrollingDialog wxs="wxsmith/QuickHelpDialog.wxs" src="QuickHelpDialog.cpp" hdr="QuickHelpDialog.h" fwddecl="1" i18n="1" name="QuickHelpDialog" language="CPP" />
				</resources>
			</wxsmith>
		</Extensions>
	</Project>
</CodeBlocks_project_file>
